{
  "name": "@zhuangzhuangzhao/kdl-agent-test",
  "version": "0.1.0-alpha.1",
  "lockfileVersion": 3,
  "requires": true,
  "packages": {
    "": {
      "name": "@zhuangzhuangzhao/kdl-agent-test",
      "version": "0.1.0-alpha.1",
      "cpu": [
        "arm64",
        "x64"
      ],
      "license": "MIT",
      "os": [
        "darwin",
        "linux"
      ],
      "bin": {
        "kdl-agent-test": "bin/kdl-agent-test.cjs"
      },
      "engines": {
        "node": ">=22"
      }
    }
  }
}
